
Microsoft Visual Studio Solution File, Format Version 12.00
# Visual Studio Version 17
VisualStudioVersion = 17.6.33723.286
MinimumVisualStudioVersion = 10.0.40219.1
Project("{FAE04EC0-301F-11D3-BF4B-00C04F79EFBC}") = "InterfaceClass", "InterfaceClass\InterfaceClass.csproj", "{E4343CEA-A2D0-49BA-AC3E-69EFEE3DE53A}"
EndProject
Global
	GlobalSection(SolutionConfigurationPlatforms) = preSolution
		Debug|Any CPU = Debug|Any CPU
		Release|Any CPU = Release|Any CPU
	EndGlobalSection
	GlobalSection(ProjectConfigurationPlatforms) = postSolution
		{E4343CEA-A2D0-49BA-AC3E-69EFEE3DE53A}.Debug|Any CPU.ActiveCfg = Debug|Any CPU
		{E4343CEA-A2D0-49BA-AC3E-69EFEE3DE53A}.Debug|Any CPU.Build.0 = Debug|Any CPU
		{E4343CEA-A2D0-49BA-AC3E-69EFEE3DE53A}.Release|Any CPU.ActiveCfg = Release|Any CPU
		{E4343CEA-A2D0-49BA-AC3E-69EFEE3DE53A}.Release|Any CPU.Build.0 = Release|Any CPU
	EndGlobalSection
	GlobalSection(SolutionProperties) = preSolution
		HideSolutionNode = FALSE
	EndGlobalSection
	GlobalSection(ExtensibilityGlobals) = postSolution
		SolutionGuid = {6EC299FF-C8AD-400E-B205-0ECBDA9E2861}
	EndGlobalSection
EndGlobal
